PODS:
  - Hue (2.0.1)
  - ImagePicker (2.1.1)
  - iOSPhotoEditor (0.3.5)
  - Sugar (3.1.2)

DEPENDENCIES:
  - Hue (from `https://github.com/hyperoslo/Hue.git`)
  - ImagePicker (from `../../`)
  - iOSPhotoEditor
  - Sugar (from `https://github.com/hyperoslo/Sugar.git`)

EXTERNAL SOURCES:
  Hue:
    :git: https://github.com/hyperoslo/Hue.git
  ImagePicker:
    :path: "../../"
  Sugar:
    :git: https://github.com/hyperoslo/Sugar.git

CHECKOUT OPTIONS:
  Hue:
    :commit: 979ba84244b5166b461bf31bbb6dba561d2c2a1e
    :git: https://github.com/hyperoslo/Hue.git
  Sugar:
    :commit: 41e0f1e92bfd29b805fa74f87444975ca2976887
    :git: https://github.com/hyperoslo/Sugar.git

SPEC CHECKSUMS:
  Hue: ab7efb15270e0bc764f2f468aa6f3f2728d52f2b
  ImagePicker: 4845cf22f8dd201ff5730474b619f017d374a3b8
  iOSPhotoEditor: eb8943547450afc0c64be027ed5743a95e2c380e
  Sugar: 41f2efa0244806f524ff2d77c951a6a43e81a0f3

PODFILE CHECKSUM: d8e1b772bf44ccc3e2a78d9f61b12e8150f68e12

COCOAPODS: 1.2.1
